Microsoft Visual Studio Solution File, Format Version 12.00
# Visual Studio Version 17
VisualStudioVersion = 17.9.34728.123
MinimumVisualStudioVersion = 10.0.40219.1
Project("{9A19103F-16F7-4668-BE54-9A1E7A4F7556}") = "PokeTuberToolkit.YTPlays", "PokeTuberToolkit.YTPlays.Core\PokeTuberToolkit.YTPlays.csproj", "{C6432BC1-CD8B-44B3-8266-4CE2BD7A068B}"
EndProject
Project("{2150E333-8FDC-42A3-9474-1A3956D46DE8}") = "YTPlays", "YTPlays", "{EF923D24-6D80-41AD-B971-03AC5E248C50}"
EndProject
Project("{2150E333-8FDC-42A3-9474-1A3956D46DE8}") = "OBS", "OBS", "{4A47EB19-15F1-4196-B9A1-DE25FBA03E27}"
EndProject
Project("{9A19103F-16F7-4668-BE54-9A1E7A4F7556}") = "PokeTuberToolkit.OBS.Client", "PokeTuberToolkit.OBS.Client\PokeTuberToolkit.OBS.Client.csproj", "{E5621A10-DC99-4EDF-A0EC-6E4EF7FB99A7}"
EndProject
Project("{9A19103F-16F7-4668-BE54-9A1E7A4F7556}") = "PokeTuberToolkit.OBS.WidgetsServer", "PokeTuberToolkit.OBS.WidgetsServer\PokeTuberToolkit.OBS.WidgetsServer.csproj", "{D7C78531-6E75-4231-A353-40DDE6A45F4A}"
EndProject
Project("{2150E333-8FDC-42A3-9474-1A3956D46DE8}") = "UI", "UI", "{487B322A-9532-44FD-99BA-334A49364E56}"
EndProject
Project("{9A19103F-16F7-4668-BE54-9A1E7A4F7556}") = "PokeTuberToolkit.UI", "PokeTuberToolkit.UI\PokeTuberToolkit.UI.csproj", "{1C451A9D-3107-433B-9D6A-AC303F4DDBBF}"
EndProject
Project("{9A19103F-16F7-4668-BE54-9A1E7A4F7556}") = "PokeTuberToolkit.UI.Core", "PokeTuberToolkit.UI.Core\PokeTuberToolkit.UI.Core.csproj", "{976B8FDD-26DE-4D64-B3BC-D8DEAE1D4B03}"
EndProject
Project("{9A19103F-16F7-4668-BE54-9A1E7A4F7556}") = "YTLiveChat", "..\YTLiveChat\YTLiveChat.csproj", "{BB22BE53-BDE1-46D0-AF8C-38C7AC16CDCF}"
EndProject
Project("{9A19103F-16F7-4668-BE54-9A1E7A4F7556}") = "PokeTuberToolkit.Data", "PokeTuberToolkit.Data\PokeTuberToolkit.Data.csproj", "{FC5628BF-6D6A-4EE6-979B-FC8AED87FAC5}"
EndProject
Global
	GlobalSection(SolutionConfigurationPlatforms) = preSolution
		Debug|Any CPU = Debug|Any CPU
		Debug|arm64 = Debug|arm64
		Debug|x64 = Debug|x64
		Debug|x86 = Debug|x86
		Release|Any CPU = Release|Any CPU
		Release|arm64 = Release|arm64
		Release|x64 = Release|x64
		Release|x86 = Release|x86
	EndGlobalSection
	GlobalSection(ProjectConfigurationPlatforms) = postSolution
		{C6432BC1-CD8B-44B3-8266-4CE2BD7A068B}.Debug|Any CPU.ActiveCfg = Debug|Any CPU
		{C6432BC1-CD8B-44B3-8266-4CE2BD7A068B}.Debug|Any CPU.Build.0 = Debug|Any CPU
		{C6432BC1-CD8B-44B3-8266-4CE2BD7A068B}.Debug|arm64.ActiveCfg = Debug|Any CPU
		{C6432BC1-CD8B-44B3-8266-4CE2BD7A068B}.Debug|arm64.Build.0 = Debug|Any CPU
		{C6432BC1-CD8B-44B3-8266-4CE2BD7A068B}.Debug|x64.ActiveCfg = Debug|Any CPU
		{C6432BC1-CD8B-44B3-8266-4CE2BD7A068B}.Debug|x64.Build.0 = Debug|Any CPU
		{C6432BC1-CD8B-44B3-8266-4CE2BD7A068B}.Debug|x86.ActiveCfg = Debug|Any CPU
		{C6432BC1-CD8B-44B3-8266-4CE2BD7A068B}.Debug|x86.Build.0 = Debug|Any CPU
		{C6432BC1-CD8B-44B3-8266-4CE2BD7A068B}.Release|Any CPU.ActiveCfg = Release|Any CPU
		{C6432BC1-CD8B-44B3-8266-4CE2BD7A068B}.Release|Any CPU.Build.0 = Release|Any CPU
		{C6432BC1-CD8B-44B3-8266-4CE2BD7A068B}.Release|arm64.ActiveCfg = Release|Any CPU
		{C6432BC1-CD8B-44B3-8266-4CE2BD7A068B}.Release|arm64.Build.0 = Release|Any CPU
		{C6432BC1-CD8B-44B3-8266-4CE2BD7A068B}.Release|x64.ActiveCfg = Release|Any CPU
		{C6432BC1-CD8B-44B3-8266-4CE2BD7A068B}.Release|x64.Build.0 = Release|Any CPU
		{C6432BC1-CD8B-44B3-8266-4CE2BD7A068B}.Release|x86.ActiveCfg = Release|Any CPU
		{C6432BC1-CD8B-44B3-8266-4CE2BD7A068B}.Release|x86.Build.0 = Release|Any CPU
		{E5621A10-DC99-4EDF-A0EC-6E4EF7FB99A7}.Debug|Any CPU.ActiveCfg = Debug|Any CPU
		{E5621A10-DC99-4EDF-A0EC-6E4EF7FB99A7}.Debug|Any CPU.Build.0 = Debug|Any CPU
		{E5621A10-DC99-4EDF-A0EC-6E4EF7FB99A7}.Debug|arm64.ActiveCfg = Debug|Any CPU
		{E5621A10-DC99-4EDF-A0EC-6E4EF7FB99A7}.Debug|arm64.Build.0 = Debug|Any CPU
		{E5621A10-DC99-4EDF-A0EC-6E4EF7FB99A7}.Debug|x64.ActiveCfg = Debug|Any CPU
		{E5621A10-DC99-4EDF-A0EC-6E4EF7FB99A7}.Debug|x64.Build.0 = Debug|Any CPU
		{E5621A10-DC99-4EDF-A0EC-6E4EF7FB99A7}.Debug|x86.ActiveCfg = Debug|Any CPU
		{E5621A10-DC99-4EDF-A0EC-6E4EF7FB99A7}.Debug|x86.Build.0 = Debug|Any CPU
		{E5621A10-DC99-4EDF-A0EC-6E4EF7FB99A7}.Release|Any CPU.ActiveCfg = Release|Any CPU
		{E5621A10-DC99-4EDF-A0EC-6E4EF7FB99A7}.Release|Any CPU.Build.0 = Release|Any CPU
		{E5621A10-DC99-4EDF-A0EC-6E4EF7FB99A7}.Release|arm64.ActiveCfg = Release|Any CPU
		{E5621A10-DC99-4EDF-A0EC-6E4EF7FB99A7}.Release|arm64.Build.0 = Release|Any CPU
		{E5621A10-DC99-4EDF-A0EC-6E4EF7FB99A7}.Release|x64.ActiveCfg = Release|Any CPU
		{E5621A10-DC99-4EDF-A0EC-6E4EF7FB99A7}.Release|x64.Build.0 = Release|Any CPU
		{E5621A10-DC99-4EDF-A0EC-6E4EF7FB99A7}.Release|x86.ActiveCfg = Release|Any CPU
		{E5621A10-DC99-4EDF-A0EC-6E4EF7FB99A7}.Release|x86.Build.0 = Release|Any CPU
		{D7C78531-6E75-4231-A353-40DDE6A45F4A}.Debug|Any CPU.ActiveCfg = Debug|Any CPU
		{D7C78531-6E75-4231-A353-40DDE6A45F4A}.Debug|Any CPU.Build.0 = Debug|Any CPU
		{D7C78531-6E75-4231-A353-40DDE6A45F4A}.Debug|arm64.ActiveCfg = Debug|Any CPU
		{D7C78531-6E75-4231-A353-40DDE6A45F4A}.Debug|arm64.Build.0 = Debug|Any CPU
		{D7C78531-6E75-4231-A353-40DDE6A45F4A}.Debug|x64.ActiveCfg = Debug|Any CPU
		{D7C78531-6E75-4231-A353-40DDE6A45F4A}.Debug|x64.Build.0 = Debug|Any CPU
		{D7C78531-6E75-4231-A353-40DDE6A45F4A}.Debug|x86.ActiveCfg = Debug|Any CPU
		{D7C78531-6E75-4231-A353-40DDE6A45F4A}.Debug|x86.Build.0 = Debug|Any CPU
		{D7C78531-6E75-4231-A353-40DDE6A45F4A}.Release|Any CPU.ActiveCfg = Release|Any CPU
		{D7C78531-6E75-4231-A353-40DDE6A45F4A}.Release|Any CPU.Build.0 = Release|Any CPU
		{D7C78531-6E75-4231-A353-40DDE6A45F4A}.Release|arm64.ActiveCfg = Release|Any CPU
		{D7C78531-6E75-4231-A353-40DDE6A45F4A}.Release|arm64.Build.0 = Release|Any CPU
		{D7C78531-6E75-4231-A353-40DDE6A45F4A}.Release|x64.ActiveCfg = Release|Any CPU
		{D7C78531-6E75-4231-A353-40DDE6A45F4A}.Release|x64.Build.0 = Release|Any CPU
		{D7C78531-6E75-4231-A353-40DDE6A45F4A}.Release|x86.ActiveCfg = Release|Any CPU
		{D7C78531-6E75-4231-A353-40DDE6A45F4A}.Release|x86.Build.0 = Release|Any CPU
		{1C451A9D-3107-433B-9D6A-AC303F4DDBBF}.Debug|Any CPU.ActiveCfg = Debug|x64
		{1C451A9D-3107-433B-9D6A-AC303F4DDBBF}.Debug|Any CPU.Build.0 = Debug|x64
		{1C451A9D-3107-433B-9D6A-AC303F4DDBBF}.Debug|Any CPU.Deploy.0 = Debug|x64
		{1C451A9D-3107-433B-9D6A-AC303F4DDBBF}.Debug|arm64.ActiveCfg = Debug|arm64
		{1C451A9D-3107-433B-9D6A-AC303F4DDBBF}.Debug|arm64.Build.0 = Debug|arm64
		{1C451A9D-3107-433B-9D6A-AC303F4DDBBF}.Debug|arm64.Deploy.0 = Debug|arm64
		{1C451A9D-3107-433B-9D6A-AC303F4DDBBF}.Debug|x64.ActiveCfg = Debug|x64
		{1C451A9D-3107-433B-9D6A-AC303F4DDBBF}.Debug|x64.Build.0 = Debug|x64
		{1C451A9D-3107-433B-9D6A-AC303F4DDBBF}.Debug|x64.Deploy.0 = Debug|x64
		{1C451A9D-3107-433B-9D6A-AC303F4DDBBF}.Debug|x86.ActiveCfg = Debug|x86
		{1C451A9D-3107-433B-9D6A-AC303F4DDBBF}.Debug|x86.Build.0 = Debug|x86
		{1C451A9D-3107-433B-9D6A-AC303F4DDBBF}.Debug|x86.Deploy.0 = Debug|x86
		{1C451A9D-3107-433B-9D6A-AC303F4DDBBF}.Release|Any CPU.ActiveCfg = Release|x64
		{1C451A9D-3107-433B-9D6A-AC303F4DDBBF}.Release|Any CPU.Build.0 = Release|x64
		{1C451A9D-3107-433B-9D6A-AC303F4DDBBF}.Release|Any CPU.Deploy.0 = Release|x64
		{1C451A9D-3107-433B-9D6A-AC303F4DDBBF}.Release|arm64.ActiveCfg = Release|arm64
		{1C451A9D-3107-433B-9D6A-AC303F4DDBBF}.Release|arm64.Build.0 = Release|arm64
		{1C451A9D-3107-433B-9D6A-AC303F4DDBBF}.Release|arm64.Deploy.0 = Release|arm64
		{1C451A9D-3107-433B-9D6A-AC303F4DDBBF}.Release|x64.ActiveCfg = Release|x64
		{1C451A9D-3107-433B-9D6A-AC303F4DDBBF}.Release|x64.Build.0 = Release|x64
		{1C451A9D-3107-433B-9D6A-AC303F4DDBBF}.Release|x64.Deploy.0 = Release|x64
		{1C451A9D-3107-433B-9D6A-AC303F4DDBBF}.Release|x86.ActiveCfg = Release|x86
		{1C451A9D-3107-433B-9D6A-AC303F4DDBBF}.Release|x86.Build.0 = Release|x86
		{1C451A9D-3107-433B-9D6A-AC303F4DDBBF}.Release|x86.Deploy.0 = Release|x86
		{976B8FDD-26DE-4D64-B3BC-D8DEAE1D4B03}.Debug|Any CPU.ActiveCfg = Debug|Any CPU
		{976B8FDD-26DE-4D64-B3BC-D8DEAE1D4B03}.Debug|Any CPU.Build.0 = Debug|Any CPU
		{976B8FDD-26DE-4D64-B3BC-D8DEAE1D4B03}.Debug|arm64.ActiveCfg = Debug|arm64
		{976B8FDD-26DE-4D64-B3BC-D8DEAE1D4B03}.Debug|arm64.Build.0 = Debug|arm64
		{976B8FDD-26DE-4D64-B3BC-D8DEAE1D4B03}.Debug|x64.ActiveCfg = Debug|x64
		{976B8FDD-26DE-4D64-B3BC-D8DEAE1D4B03}.Debug|x64.Build.0 = Debug|x64
		{976B8FDD-26DE-4D64-B3BC-D8DEAE1D4B03}.Debug|x86.ActiveCfg = Debug|x86
		{976B8FDD-26DE-4D64-B3BC-D8DEAE1D4B03}.Debug|x86.Build.0 = Debug|x86
		{976B8FDD-26DE-4D64-B3BC-D8DEAE1D4B03}.Release|Any CPU.ActiveCfg = Release|Any CPU
		{976B8FDD-26DE-4D64-B3BC-D8DEAE1D4B03}.Release|Any CPU.Build.0 = Release|Any CPU
		{976B8FDD-26DE-4D64-B3BC-D8DEAE1D4B03}.Release|arm64.ActiveCfg = Release|arm64
		{976B8FDD-26DE-4D64-B3BC-D8DEAE1D4B03}.Release|arm64.Build.0 = Release|arm64
		{976B8FDD-26DE-4D64-B3BC-D8DEAE1D4B03}.Release|x64.ActiveCfg = Release|x64
		{976B8FDD-26DE-4D64-B3BC-D8DEAE1D4B03}.Release|x64.Build.0 = Release|x64
		{976B8FDD-26DE-4D64-B3BC-D8DEAE1D4B03}.Release|x86.ActiveCfg = Release|x86
		{976B8FDD-26DE-4D64-B3BC-D8DEAE1D4B03}.Release|x86.Build.0 = Release|x86
		{BB22BE53-BDE1-46D0-AF8C-38C7AC16CDCF}.Debug|Any CPU.ActiveCfg = Debug|Any CPU
		{BB22BE53-BDE1-46D0-AF8C-38C7AC16CDCF}.Debug|Any CPU.Build.0 = Debug|Any CPU
		{BB22BE53-BDE1-46D0-AF8C-38C7AC16CDCF}.Debug|arm64.ActiveCfg = Debug|Any CPU
		{BB22BE53-BDE1-46D0-AF8C-38C7AC16CDCF}.Debug|arm64.Build.0 = Debug|Any CPU
		{BB22BE53-BDE1-46D0-AF8C-38C7AC16CDCF}.Debug|x64.ActiveCfg = Debug|Any CPU
		{BB22BE53-BDE1-46D0-AF8C-38C7AC16CDCF}.Debug|x64.Build.0 = Debug|Any CPU
		{BB22BE53-BDE1-46D0-AF8C-38C7AC16CDCF}.Debug|x86.ActiveCfg = Debug|Any CPU
		{BB22BE53-BDE1-46D0-AF8C-38C7AC16CDCF}.Debug|x86.Build.0 = Debug|Any CPU
		{BB22BE53-BDE1-46D0-AF8C-38C7AC16CDCF}.Release|Any CPU.ActiveCfg = Release|Any CPU
		{BB22BE53-BDE1-46D0-AF8C-38C7AC16CDCF}.Release|Any CPU.Build.0 = Release|Any CPU
		{BB22BE53-BDE1-46D0-AF8C-38C7AC16CDCF}.Release|arm64.ActiveCfg = Release|Any CPU
		{BB22BE53-BDE1-46D0-AF8C-38C7AC16CDCF}.Release|arm64.Build.0 = Release|Any CPU
		{BB22BE53-BDE1-46D0-AF8C-38C7AC16CDCF}.Release|x64.ActiveCfg = Release|Any CPU
		{BB22BE53-BDE1-46D0-AF8C-38C7AC16CDCF}.Release|x64.Build.0 = Release|Any CPU
		{BB22BE53-BDE1-46D0-AF8C-38C7AC16CDCF}.Release|x86.ActiveCfg = Release|Any CPU
		{BB22BE53-BDE1-46D0-AF8C-38C7AC16CDCF}.Release|x86.Build.0 = Release|Any CPU
		{FC5628BF-6D6A-4EE6-979B-FC8AED87FAC5}.Debug|Any CPU.ActiveCfg = Debug|Any CPU
		{FC5628BF-6D6A-4EE6-979B-FC8AED87FAC5}.Debug|Any CPU.Build.0 = Debug|Any CPU
		{FC5628BF-6D6A-4EE6-979B-FC8AED87FAC5}.Debug|arm64.ActiveCfg = Debug|Any CPU
		{FC5628BF-6D6A-4EE6-979B-FC8AED87FAC5}.Debug|arm64.Build.0 = Debug|Any CPU
		{FC5628BF-6D6A-4EE6-979B-FC8AED87FAC5}.Debug|x64.ActiveCfg = Debug|Any CPU
		{FC5628BF-6D6A-4EE6-979B-FC8AED87FAC5}.Debug|x64.Build.0 = Debug|Any CPU
		{FC5628BF-6D6A-4EE6-979B-FC8AED87FAC5}.Debug|x86.ActiveCfg = Debug|Any CPU
		{FC5628BF-6D6A-4EE6-979B-FC8AED87FAC5}.Debug|x86.Build.0 = Debug|Any CPU
		{FC5628BF-6D6A-4EE6-979B-FC8AED87FAC5}.Release|Any CPU.ActiveCfg = Release|Any CPU
		{FC5628BF-6D6A-4EE6-979B-FC8AED87FAC5}.Release|Any CPU.Build.0 = Release|Any CPU
		{FC5628BF-6D6A-4EE6-979B-FC8AED87FAC5}.Release|arm64.ActiveCfg = Release|Any CPU
		{FC5628BF-6D6A-4EE6-979B-FC8AED87FAC5}.Release|arm64.Build.0 = Release|Any CPU
		{FC5628BF-6D6A-4EE6-979B-FC8AED87FAC5}.Release|x64.ActiveCfg = Release|Any CPU
		{FC5628BF-6D6A-4EE6-979B-FC8AED87FAC5}.Release|x64.Build.0 = Release|Any CPU
		{FC5628BF-6D6A-4EE6-979B-FC8AED87FAC5}.Release|x86.ActiveCfg = Release|Any CPU
		{FC5628BF-6D6A-4EE6-979B-FC8AED87FAC5}.Release|x86.Build.0 = Release|Any CPU
	EndGlobalSection
	GlobalSection(SolutionProperties) = preSolution
		HideSolutionNode = FALSE
	EndGlobalSection
	GlobalSection(NestedProjects) = preSolution
		{C6432BC1-CD8B-44B3-8266-4CE2BD7A068B} = {EF923D24-6D80-41AD-B971-03AC5E248C50}
		{E5621A10-DC99-4EDF-A0EC-6E4EF7FB99A7} = {4A47EB19-15F1-4196-B9A1-DE25FBA03E27}
		{D7C78531-6E75-4231-A353-40DDE6A45F4A} = {4A47EB19-15F1-4196-B9A1-DE25FBA03E27}
		{1C451A9D-3107-433B-9D6A-AC303F4DDBBF} = {487B322A-9532-44FD-99BA-334A49364E56}
		{976B8FDD-26DE-4D64-B3BC-D8DEAE1D4B03} = {487B322A-9532-44FD-99BA-334A49364E56}
	EndGlobalSection
	GlobalSection(ExtensibilityGlobals) = postSolution
		SolutionGuid = {27A50657-8704-44DF-9F80-9DF3E758161B}
	EndGlobalSection
EndGlobal
